
Microsoft Visual Studio Solution File, Format Version 12.00
# Visual Studio Version 17
VisualStudioVersion = 17.7.34018.315
MinimumVisualStudioVersion = 10.0.40219.1
Project("{FAE04EC0-301F-11D3-BF4B-00C04F79EFBC}") = "Entidad", "Entidad\Entidad.csproj", "{69ED5DD9-8299-4484-BC37-E5B03334563F}"
EndProject
Project("{FAE04EC0-301F-11D3-BF4B-00C04F79EFBC}") = "Logica", "Logica\Logica.csproj", "{D05BA22A-B72D-40D2-948B-9A8730094FE8}"
EndProject
Project("{FAE04EC0-301F-11D3-BF4B-00C04F79EFBC}") = "AccesoDatos", "AccesoDatos\AccesoDatos.csproj", "{5072FCB4-B69B-4F9E-8B5A-E82B3E49D692}"
EndProject
Project("{FAE04EC0-301F-11D3-BF4B-00C04F79EFBC}") = "Presentacion", "Presentacion\Presentacion.csproj", "{60C969AE-7A7E-40CC-99F4-B918A8523229}"
EndProject
Global
	GlobalSection(SolutionConfigurationPlatforms) = preSolution
		Debug|Any CPU = Debug|Any CPU
		Release|Any CPU = Release|Any CPU
	EndGlobalSection
	GlobalSection(ProjectConfigurationPlatforms) = postSolution
		{69ED5DD9-8299-4484-BC37-E5B03334563F}.Debug|Any CPU.ActiveCfg = Debug|Any CPU
		{69ED5DD9-8299-4484-BC37-E5B03334563F}.Debug|Any CPU.Build.0 = Debug|Any CPU
		{69ED5DD9-8299-4484-BC37-E5B03334563F}.Release|Any CPU.ActiveCfg = Release|Any CPU
		{69ED5DD9-8299-4484-BC37-E5B03334563F}.Release|Any CPU.Build.0 = Release|Any CPU
		{D05BA22A-B72D-40D2-948B-9A8730094FE8}.Debug|Any CPU.ActiveCfg = Debug|Any CPU
		{D05BA22A-B72D-40D2-948B-9A8730094FE8}.Debug|Any CPU.Build.0 = Debug|Any CPU
		{D05BA22A-B72D-40D2-948B-9A8730094FE8}.Release|Any CPU.ActiveCfg = Release|Any CPU
		{D05BA22A-B72D-40D2-948B-9A8730094FE8}.Release|Any CPU.Build.0 = Release|Any CPU
		{5072FCB4-B69B-4F9E-8B5A-E82B3E49D692}.Debug|Any CPU.ActiveCfg = Debug|Any CPU
		{5072FCB4-B69B-4F9E-8B5A-E82B3E49D692}.Debug|Any CPU.Build.0 = Debug|Any CPU
		{5072FCB4-B69B-4F9E-8B5A-E82B3E49D692}.Release|Any CPU.ActiveCfg = Release|Any CPU
		{5072FCB4-B69B-4F9E-8B5A-E82B3E49D692}.Release|Any CPU.Build.0 = Release|Any CPU
		{60C969AE-7A7E-40CC-99F4-B918A8523229}.Debug|Any CPU.ActiveCfg = Debug|Any CPU
		{60C969AE-7A7E-40CC-99F4-B918A8523229}.Debug|Any CPU.Build.0 = Debug|Any CPU
		{60C969AE-7A7E-40CC-99F4-B918A8523229}.Release|Any CPU.ActiveCfg = Release|Any CPU
		{60C969AE-7A7E-40CC-99F4-B918A8523229}.Release|Any CPU.Build.0 = Release|Any CPU
	EndGlobalSection
	GlobalSection(SolutionProperties) = preSolution
		HideSolutionNode = FALSE
	EndGlobalSection
	GlobalSection(ExtensibilityGlobals) = postSolution
		SolutionGuid = {A24E0E24-CAA7-416E-81F4-450107EEB42C}
	EndGlobalSection
EndGlobal
